github.com/aead/chacha20 v0.0.0-20180709150244-8b13a72661da h1:KjTM2ks9d14ZYCvmHS9iAKVt9AyzRSqNU1qabPih5BY=
github.com/aead/chacha20 v0.0.0-20180709150244-8b13a72661da/go.mod h1:eHEWzANqSiWQsof+nXEI9bUVUyV6F53Fp89EuCh2EAA=
github.com/cawidtu/wireguard-go/conn v0.0.0-20230329131401-70bfb9c367ca h1:QeItgcUKMO6nlPMqknkRd+nn1YCZTziP5akKpmQuWNw=
github.com/cawidtu/wireguard-go/conn v0.0.0-20230329131401-70bfb9c367ca/go.mod h1:aCPiRqZNIR4HFnSWJRTFSB3wwEyqPGrD+Hg/+BUxHug=
github.com/cawidtu/wireguard-go/conn v0.0.0-20230428084255-be9dc2e6bd6e h1:DYFg2EWeRuZNG3LnTbjP3VKi+sBr/FIYhKzKkQMcdXc=
github.com/cawidtu/wireguard-go/conn v0.0.0-20230428084255-be9dc2e6bd6e/go.mod h1:aCPiRqZNIR4HFnSWJRTFSB3wwEyqPGrD+Hg/+BUxHug=
github.com/cawidtu/wireguard-go/device v0.0.0-20230329131401-70bfb9c367ca h1:KDxgsw0ve6uolWbac2MxPp0PA7uIJiGlCp4eKpZR/no=
github.com/cawidtu/wireguard-go/device v0.0.0-20230329131401-70bfb9c367ca/go.mod h1:eAf5aFrlFJXwHcNF7i3dabdAJrOOsTxybZ7eJFpPPxc=
github.com/cawidtu/wireguard-go/device v0.0.0-20230428084255-be9dc2e6bd6e h1:Qsv5yI+DSY/ZtUrxP0BMdd4hcNjLWb0U5I79FhpoWlg=
github.com/cawidtu/wireguard-go/device v0.0.0-20230428084255-be9dc2e6bd6e/go.mod h1:eAf5aFrlFJXwHcNF7i3dabdAJrOOsTxybZ7eJFpPPxc=
github.com/cawidtu/wireguard-go/device v0.0.0-20230429143038-133b452e9db7 h1:F4PGgoHi3pip/gouKpHJpS65lCFxWpqLtkbYLAzPZ18=
github.com/cawidtu/wireguard-go/device v0.0.0-20230429143038-133b452e9db7/go.mod h1:eAf5aFrlFJXwHcNF7i3dabdAJrOOsTxybZ7eJFpPPxc=
github.com/cawidtu/wireguard-go/device v0.0.0-20230429144946-c8615832a3e2 h1:GihUu8H7kSaAC4d1hjrbts7uNopsOVxrIThbZAqvYeU=
github.com/cawidtu/wireguard-go/device v0.0.0-20230429144946-c8615832a3e2/go.mod h1:eAf5aFrlFJXwHcNF7i3dabdAJrOOsTxybZ7eJFpPPxc=
github.com/cawidtu/wireguard-go/device v0.0.0-20230429151309-fd183eaf5da6 h1:VY3x7r2ptUYNUqbhOkA/kruhJZpK+JgxZvXgKwXo2sE=
github.com/cawidtu/wireguard-go/device v0.0.0-20230429151309-fd183eaf5da6/go.mod h1:eAf5aFrlFJXwHcNF7i3dabdAJrOOsTxybZ7eJFpPPxc=
github.com/cawidtu/wireguard-go/device v0.0.0-20230429153753-c896dba97b96 h1:ZUe2jAz4mQjGbgJaaOOGZtctMqGhE6VfdKA6st3/ZS0=
github.com/cawidtu/wireguard-go/device v0.0.0-20230429153753-c896dba97b96/go.mod h1:eAf5aFrlFJXwHcNF7i3dabdAJrOOsTxybZ7eJFpPPxc=
github.com/cawidtu/wireguard-go/device v0.0.0-20230501065908-a92675e75a42 h1:TV7grhRxghtGJ2WIcpmcTHCQlzC5iTdYPyyyMNEWyYc=
github.com/cawidtu/wireguard-go/device v0.0.0-20230501065908-a92675e75a42/go.mod h1:eAf5aFrlFJXwHcNF7i3dabdAJrOOsTxybZ7eJFpPPxc=
github.com/cawidtu/wireguard-go/device v0.0.0-20230501073747-45163e374aa8 h1:VM8pk+Fcs93glRWRTpmUst2aX4M2gv0Lpf19/Cnqjmc=
github.com/cawidtu/wireguard-go/device v0.0.0-20230501073747-45163e374aa8/go.mod h1:eAf5aFrlFJXwHcNF7i3dabdAJrOOsTxybZ7eJFpPPxc=
github.com/cawidtu/wireguard-go/device v0.0.0-20230501074358-2f9456f87e14 h1:PrFlB0V3OEKL+wF/0zuQXMbZa+SPPO0cQ2Q0dfFLkCw=
github.com/cawidtu/wireguard-go/device v0.0.0-20230501074358-2f9456f87e14/go.mod h1:eAf5aFrlFJXwHcNF7i3dabdAJrOOsTxybZ7eJFpPPxc=
github.com/cawidtu/wireguard-go/device v0.0.0-20230501075608-0187a81dac3c h1:0IMio2oYYCiyUvZKvAX/f1q1J5u9/OM/WQMV2Gh3cLc=
github.com/cawidtu/wireguard-go/device v0.0.0-20230501075608-0187a81dac3c/go.mod h1:eAf5aFrlFJXwHcNF7i3dabdAJrOOsTxybZ7eJFpPPxc=
github.com/cawidtu/wireguard-go/device v0.0.0-20230501081933-803ad28b36b0 h1:2wsL46krHCxTfcBiK47iSnCJlzPi0SiXDYe1oA2KQYg=
github.com/cawidtu/wireguard-go/device v0.0.0-20230501081933-803ad28b36b0/go.mod h1:eAf5aFrlFJXwHcNF7i3dabdAJrOOsTxybZ7eJFpPPxc=
github.com/cawidtu/wireguard-go/device v0.0.0-20230502091827-a4fa2681992f h1:thIArMSFkcSpkt5GeixejEfY+WngSz1+LAZhfA97Z2s=
github.com/cawidtu/wireguard-go/device v0.0.0-20230502091827-a4fa2681992f/go.mod h1:eAf5aFrlFJXwHcNF7i3dabdAJrOOsTxybZ7eJFpPPxc=
github.com/cawidtu/wireguard-go/device v0.0.0-20230502094009-cc874ad8033e h1:HFZrAD2RAaFqxXtwLhSEEClsWja8KmPM+Lsfl8ystww=
github.com/cawidtu/wireguard-go/device v0.0.0-20230502094009-cc874ad8033e/go.mod h1:eAf5aFrlFJXwHcNF7i3dabdAJrOOsTxybZ7eJFpPPxc=
github.com/cawidtu/wireguard-go/device v0.0.0-20230502094711-b5f2c9be592d h1:UkhF0hdMI1Zpmpq2GTSgq0SW54v7clhyMlXPfyfGmSw=
github.com/cawidtu/wireguard-go/device v0.0.0-20230502094711-b5f2c9be592d/go.mod h1:eAf5aFrlFJXwHcNF7i3dabdAJrOOsTxybZ7eJFpPPxc=
github.com/cawidtu/wireguard-go/device v0.0.0-20230502174631-1bd701818104 h1:7MWrLxvAzXIyr5st7cGSg35WlDIR0q9xotUJ56MtC3c=
github.com/cawidtu/wireguard-go/device v0.0.0-20230502174631-1bd701818104/go.mod h1:eAf5aFrlFJXwHcNF7i3dabdAJrOOsTxybZ7eJFpPPxc=
github.com/cawidtu/wireguard-go/device v0.0.0-20230503083257-d409d172401d h1:gOFYjROCpQJL/1mgYXjfrUMpSyXPjB0/NcGPOYHA/Co=
github.com/cawidtu/wireguard-go/device v0.0.0-20230503083257-d409d172401d/go.mod h1:eAf5aFrlFJXwHcNF7i3dabdAJrOOsTxybZ7eJFpPPxc=
github.com/cawidtu/wireguard-go/device v0.0.0-20230503083943-f73bd97514db h1:JidH+OERa+NcheuQDHL1SAnfUF9A4nvVDzB7ckfy6nE=
github.com/cawidtu/wireguard-go/device v0.0.0-20230503083943-f73bd97514db/go.mod h1:eAf5aFrlFJXwHcNF7i3dabdAJrOOsTxybZ7eJFpPPxc=
github.com/cawidtu/wireguard-go/device v0.0.0-20230503090103-b16dd773a202 h1:gNOEFQZYQlE3SH5bTCQNyib0L6Gwh8icv0DalYkp/Fc=
github.com/cawidtu/wireguard-go/device v0.0.0-20230503090103-b16dd773a202/go.mod h1:eAf5aFrlFJXwHcNF7i3dabdAJrOOsTxybZ7eJFpPPxc=
github.com/cawidtu/wireguard-go/device v0.0.0-20230503090716-6616d08aeb69 h1:H80qCGaNF86cXSnYtrJFJK2vLM4ERtorVH7V7ZE2Zzo=
github.com/cawidtu/wireguard-go/device v0.0.0-20230503090716-6616d08aeb69/go.mod h1:eAf5aFrlFJXwHcNF7i3dabdAJrOOsTxybZ7eJFpPPxc=
github.com/cawidtu/wireguard-go/device v0.0.0-20230503091656-c0fd903cfa1c h1:pQMnteZPcFLXSjK4gfKxvgfFmmZEVtmv4CucxBUgQcY=
github.com/cawidtu/wireguard-go/device v0.0.0-20230503091656-c0fd903cfa1c/go.mod h1:eAf5aFrlFJXwHcNF7i3dabdAJrOOsTxybZ7eJFpPPxc=
github.com/cawidtu/wireguard-go/device v0.0.0-20230503104026-65da5ca648d4 h1:aq312Su5WOrKjDW+egPKDo/xl5QYeHIktg0jk35XF8k=
github.com/cawidtu/wireguard-go/device v0.0.0-20230503104026-65da5ca648d4/go.mod h1:eAf5aFrlFJXwHcNF7i3dabdAJrOOsTxybZ7eJFpPPxc=
github.com/cawidtu/wireguard-go/device v0.0.0-20230503104500-1e5c2c6869cc h1:aAtbYshqVfltkG+pzhHvV98h0bVMCW7DIpOHhNXcSs0=
github.com/cawidtu/wireguard-go/device v0.0.0-20230503104500-1e5c2c6869cc/go.mod h1:eAf5aFrlFJXwHcNF7i3dabdAJrOOsTxybZ7eJFpPPxc=
github.com/cawidtu/wireguard-go/device v0.0.0-20230503111921-b1febf76c8b8 h1:eaBa8YBY8IkNAWClvh1t7dELdKkz2AWpY1XlmAFYsDY=
github.com/cawidtu/wireguard-go/device v0.0.0-20230503111921-b1febf76c8b8/go.mod h1:eAf5aFrlFJXwHcNF7i3dabdAJrOOsTxybZ7eJFpPPxc=
github.com/cawidtu/wireguard-go/device v0.0.0-20230503112204-620b85420cf3 h1:oAZ8M8e1aijG6l3yTKBWrkWBmCe3CBpbDekJJiXzGsg=
github.com/cawidtu/wireguard-go/device v0.0.0-20230503112204-620b85420cf3/go.mod h1:eAf5aFrlFJXwHcNF7i3dabdAJrOOsTxybZ7eJFpPPxc=
github.com/cawidtu/wireguard-go/device v0.0.0-20230503112339-63c4c5b706a2 h1:1l7IAOQCsHI5HNdO6quR1ijvl0tYMvP54wlqX+YVZ7Q=
github.com/cawidtu/wireguard-go/device v0.0.0-20230503112339-63c4c5b706a2/go.mod h1:eAf5aFrlFJXwHcNF7i3dabdAJrOOsTxybZ7eJFpPPxc=
github.com/cawidtu/wireguard-go/device v0.0.0-20230504115933-17e648887df8 h1:tfOEcRx2zbGiHGPd1w6XyQrMz0abXKaW1qDC4nTWWhA=
github.com/cawidtu/wireguard-go/device v0.0.0-20230504115933-17e648887df8/go.mod h1:eAf5aFrlFJXwHcNF7i3dabdAJrOOsTxybZ7eJFpPPxc=
github.com/cawidtu/wireguard-go/device v0.0.0-20230504120254-5dbb6ede65e3 h1:g3u5UT76Oz/oWfWTJ5lAxX12z6cLD+rFPCwM505dLdM=
github.com/cawidtu/wireguard-go/device v0.0.0-20230504120254-5dbb6ede65e3/go.mod h1:eAf5aFrlFJXwHcNF7i3dabdAJrOOsTxybZ7eJFpPPxc=
github.com/cawidtu/wireguard-go/device v0.0.0-20230504183953-8ffc9c5b183c h1:vc+fIqOrW3Ug9R/fx5WfexxSHyIrBCgwwVgqxLUBag4=
github.com/cawidtu/wireguard-go/device v0.0.0-20230504183953-8ffc9c5b183c/go.mod h1:eAf5aFrlFJXwHcNF7i3dabdAJrOOsTxybZ7eJFpPPxc=
github.com/cawidtu/wireguard-go/device v0.0.0-20230504184315-69b160d0ab49 h1:vBExgF+1TxRuPy5PfkO2MMrB2MB3Vgl+3hBHdjH65EU=
github.com/cawidtu/wireguard-go/device v0.0.0-20230504184315-69b160d0ab49/go.mod h1:eAf5aFrlFJXwHcNF7i3dabdAJrOOsTxybZ7eJFpPPxc=
github.com/cawidtu/wireguard-go/device v0.0.0-20230504184537-71fb57b16afb h1:fVpOLzLut1GR8g34PWZDVmsvYLM2ygMjSoyz+GwFFqE=
github.com/cawidtu/wireguard-go/device v0.0.0-20230504184537-71fb57b16afb/go.mod h1:eAf5aFrlFJXwHcNF7i3dabdAJrOOsTxybZ7eJFpPPxc=
github.com/cawidtu/wireguard-go/device v0.0.0-20230504184728-1577416fad4b h1:oaK9x2EYJIPNx02Wo48f2kVvDM9+TeA4YY2K//HElIU=
github.com/cawidtu/wireguard-go/device v0.0.0-20230504184728-1577416fad4b/go.mod h1:eAf5aFrlFJXwHcNF7i3dabdAJrOOsTxybZ7eJFpPPxc=
github.com/cawidtu/wireguard-go/device v0.0.0-20230506095728-a7569cdb23ad h1:eMMjQjr+QjngWQz+yR+FluA2fS6DEpguhFcsRPjH18A=
github.com/cawidtu/wireguard-go/device v0.0.0-20230506095728-a7569cdb23ad/go.mod h1:eAf5aFrlFJXwHcNF7i3dabdAJrOOsTxybZ7eJFpPPxc=
github.com/cawidtu/wireguard-go/device v0.0.0-20230506100132-252a3543b21c h1:WOisPAw/wXcwxRdm+cphpkPj7dMw6vRxChVcBYJwXp0=
github.com/cawidtu/wireguard-go/device v0.0.0-20230506100132-252a3543b21c/go.mod h1:eAf5aFrlFJXwHcNF7i3dabdAJrOOsTxybZ7eJFpPPxc=
github.com/cawidtu/wireguard-go/device v0.0.0-20230506100522-4b67bc88f647 h1:Daztv9nDwpbYEHBhv47hnGWMbvqyLnKnaSX+zi3Ovq0=
github.com/cawidtu/wireguard-go/device v0.0.0-20230506100522-4b67bc88f647/go.mod h1:eAf5aFrlFJXwHcNF7i3dabdAJrOOsTxybZ7eJFpPPxc=
github.com/cawidtu/wireguard-go/device v0.0.0-20230512080741-4070b01768ae h1:RqebzCwpbl0iSZ11E5xdeHcFVRIEibDElZ0MP+dEiKI=
github.com/cawidtu/wireguard-go/device v0.0.0-20230512080741-4070b01768ae/go.mod h1:eAf5aFrlFJXwHcNF7i3dabdAJrOOsTxybZ7eJFpPPxc=
github.com/cawidtu/wireguard-go/device v0.0.0-20230512081627-ddc1a1a4c36d h1:i2z1ik082RSZoEiUwb+ghLNLcYOMAuckFK39G3xmBxw=
github.com/cawidtu/wireguard-go/device v0.0.0-20230512081627-ddc1a1a4c36d/go.mod h1:eAf5aFrlFJXwHcNF7i3dabdAJrOOsTxybZ7eJFpPPxc=
github.com/cawidtu/wireguard-go/device v0.0.0-20230512091803-9cd798412e3b h1:tWTY5l9LpR2iIROX+kTOWLv1l6ZVQWSS6OiQw6y3aAo=
github.com/cawidtu/wireguard-go/device v0.0.0-20230512091803-9cd798412e3b/go.mod h1:eAf5aFrlFJXwHcNF7i3dabdAJrOOsTxybZ7eJFpPPxc=
github.com/cawidtu/wireguard-go/device v0.0.0-20230512091941-c0cfe7c45699 h1:YrXv818MHb4gZTNhWZOQ69SVyUixNHlDutwF28F9ZWw=
github.com/cawidtu/wireguard-go/device v0.0.0-20230512091941-c0cfe7c45699/go.mod h1:eAf5aFrlFJXwHcNF7i3dabdAJrOOsTxybZ7eJFpPPxc=
github.com/cawidtu/wireguard-go/device v0.0.0-20230512102403-631f18b9bca1 h1:lY47p3qmtn7LyAFaxxiaDeWcyu+sfLDCbeMC8+3Tolc=
github.com/cawidtu/wireguard-go/device v0.0.0-20230512102403-631f18b9bca1/go.mod h1:eAf5aFrlFJXwHcNF7i3dabdAJrOOsTxybZ7eJFpPPxc=
github.com/cawidtu/wireguard-go/device v0.0.0-20230512102941-31b44b90d458 h1:v6UtN/K25mN8ELSqpkzLZjjMAhz/D4axenRvfwM0kMo=
github.com/cawidtu/wireguard-go/device v0.0.0-20230512102941-31b44b90d458/go.mod h1:eAf5aFrlFJXwHcNF7i3dabdAJrOOsTxybZ7eJFpPPxc=
github.com/cawidtu/wireguard-go/device v0.0.0-20230512103051-a6af63eed6e4 h1:pKzfF25zGKd1a6v6Ckts98FKrVTxIWNICgHeb9VmR4U=
github.com/cawidtu/wireguard-go/device v0.0.0-20230512103051-a6af63eed6e4/go.mod h1:eAf5aFrlFJXwHcNF7i3dabdAJrOOsTxybZ7eJFpPPxc=
github.com/cawidtu/wireguard-go/device v0.0.0-20230512131146-a4ebc61d0898 h1:Xoq97xQkOXCq0/GBrXItrnBKMqMTY4Kvh7FeFFh6nYw=
github.com/cawidtu/wireguard-go/device v0.0.0-20230512131146-a4ebc61d0898/go.mod h1:eAf5aFrlFJXwHcNF7i3dabdAJrOOsTxybZ7eJFpPPxc=
github.com/cawidtu/wireguard-go/device v0.0.0-20230512131506-6230c16afb0f h1:wLjkmgLS9F5toKDLLtKiHOOacvQE9qF2iQk4qh2rsTc=
github.com/cawidtu/wireguard-go/device v0.0.0-20230512131506-6230c16afb0f/go.mod h1:eAf5aFrlFJXwHcNF7i3dabdAJrOOsTxybZ7eJFpPPxc=
github.com/cawidtu/wireguard-go/device v0.0.0-20230512140200-6c4499a1d5e3 h1:nR+3drs5mjfQBYux6OcCA01UDl+dlOxgU6vYn9lPY6k=
github.com/cawidtu/wireguard-go/device v0.0.0-20230512140200-6c4499a1d5e3/go.mod h1:eAf5aFrlFJXwHcNF7i3dabdAJrOOsTxybZ7eJFpPPxc=
github.com/cawidtu/wireguard-go/device v0.0.0-20230512140531-f142c18406b5 h1:zXW0tQXQq/OQhb2ZZcZfdlaIpm6IAfz2Rw4/51uITjs=
github.com/cawidtu/wireguard-go/device v0.0.0-20230512140531-f142c18406b5/go.mod h1:eAf5aFrlFJXwHcNF7i3dabdAJrOOsTxybZ7eJFpPPxc=
github.com/cawidtu/wireguard-go/device v0.0.0-20230512140823-eca998a6db9b h1:sGvyRdNxk0pr1NKLVtldPTyOH2Yv+ul+3ZBAA025tnc=
github.com/cawidtu/wireguard-go/device v0.0.0-20230512140823-eca998a6db9b/go.mod h1:eAf5aFrlFJXwHcNF7i3dabdAJrOOsTxybZ7eJFpPPxc=
github.com/cawidtu/wireguard-go/device v0.0.0-20230512141016-1e02fcdc78ea h1:Kjz4NJsyov5VldGOW7r/tu6GkKFdz96BQwYjrSHzoew=
github.com/cawidtu/wireguard-go/device v0.0.0-20230512141016-1e02fcdc78ea/go.mod h1:eAf5aFrlFJXwHcNF7i3dabdAJrOOsTxybZ7eJFpPPxc=
github.com/cawidtu/wireguard-go/device v0.0.0-20230512160222-c2508bf8be2a h1:CMG0QL2jewDLoIk12bIDd/fnScPvhRovkpt2wsO+mUA=
github.com/cawidtu/wireguard-go/device v0.0.0-20230512160222-c2508bf8be2a/go.mod h1:eAf5aFrlFJXwHcNF7i3dabdAJrOOsTxybZ7eJFpPPxc=
github.com/cawidtu/wireguard-go/device v0.0.0-20230512160447-8f8265d6ecc2 h1:pEbm4d5daAy1MnjCY3F2/FM/5ad4AGfen6QTm9n4lYc=
github.com/cawidtu/wireguard-go/device v0.0.0-20230512160447-8f8265d6ecc2/go.mod h1:eAf5aFrlFJXwHcNF7i3dabdAJrOOsTxybZ7eJFpPPxc=
github.com/cawidtu/wireguard-go/device v0.0.0-20230512160645-c626feba51a0 h1:VI1ku5b+EE8gm3K7r/1tZMrgIOaBml7iPnv4us+zfDA=
github.com/cawidtu/wireguard-go/device v0.0.0-20230512160645-c626feba51a0/go.mod h1:eAf5aFrlFJXwHcNF7i3dabdAJrOOsTxybZ7eJFpPPxc=
github.com/cawidtu/wireguard-go/device v0.0.0-20230513054549-36a93ab68f2a h1:2w/ZTn41jMrYAbRB0qmWYxmO4WYe4PzomABQ/g/c76I=
github.com/cawidtu/wireguard-go/device v0.0.0-20230513054549-36a93ab68f2a/go.mod h1:eAf5aFrlFJXwHcNF7i3dabdAJrOOsTxybZ7eJFpPPxc=
github.com/cawidtu/wireguard-go/device v0.0.0-20230513054803-03ec6c2f1fac h1:23BTuOnmvgykXm+l47KYhjRJZXtuJqt785KLusNFrdY=
github.com/cawidtu/wireguard-go/device v0.0.0-20230513054803-03ec6c2f1fac/go.mod h1:eAf5aFrlFJXwHcNF7i3dabdAJrOOsTxybZ7eJFpPPxc=
github.com/cawidtu/wireguard-go/device v0.0.0-20230513093044-a418254cd365 h1:RPdpBDDlThguXbOL0CPpusqquv8gV/hXDg8eyI8TLZE=
github.com/cawidtu/wireguard-go/device v0.0.0-20230513093044-a418254cd365/go.mod h1:eAf5aFrlFJXwHcNF7i3dabdAJrOOsTxybZ7eJFpPPxc=
github.com/cawidtu/wireguard-go/device v0.0.0-20230513100532-c416cf0e3ef7 h1:93AISpywWKD1uRpoIwDZJLp8rcm1qGKhymCMwr8X9B4=
github.com/cawidtu/wireguard-go/device v0.0.0-20230513100532-c416cf0e3ef7/go.mod h1:eAf5aFrlFJXwHcNF7i3dabdAJrOOsTxybZ7eJFpPPxc=
github.com/cawidtu/wireguard-go/device v0.0.0-20230513101301-60b23dfd8ad9 h1:7I6qDLN5SA8GYrnnCxV4bYZZQtiuVPcfUAe5mnM3Db8=
github.com/cawidtu/wireguard-go/device v0.0.0-20230513101301-60b23dfd8ad9/go.mod h1:eAf5aFrlFJXwHcNF7i3dabdAJrOOsTxybZ7eJFpPPxc=
github.com/cawidtu/wireguard-go/device v0.0.0-20230513103719-99b16e13bf7c h1:ArYYMXExnqnTapTPGyDyMCcevKIgb4jioW0kCUaeVEQ=
github.com/cawidtu/wireguard-go/device v0.0.0-20230513103719-99b16e13bf7c/go.mod h1:eAf5aFrlFJXwHcNF7i3dabdAJrOOsTxybZ7eJFpPPxc=
github.com/cawidtu/wireguard-go/device v0.0.0-20230513151827-43771efff7e8 h1:UX4rCLXCf3w1Q6VP4QQ5TGOqOoI15rEiwI8dzcyco70=
github.com/cawidtu/wireguard-go/device v0.0.0-20230513151827-43771efff7e8/go.mod h1:eAf5aFrlFJXwHcNF7i3dabdAJrOOsTxybZ7eJFpPPxc=
github.com/cawidtu/wireguard-go/device v0.0.0-20230513173059-ff78f76e2f62 h1:s2QRJGYqnESUmaplTN2hAk7OQ477y2IV8SUrk9KMLb0=
github.com/cawidtu/wireguard-go/device v0.0.0-20230513173059-ff78f76e2f62/go.mod h1:eAf5aFrlFJXwHcNF7i3dabdAJrOOsTxybZ7eJFpPPxc=
github.com/cawidtu/wireguard-go/device v0.0.0-20230513174553-b342472ebd2f h1:Dr1XHeZUNuoolrKeqgVrMWNmnWNzo7cazgupnkvgCpg=
github.com/cawidtu/wireguard-go/device v0.0.0-20230513174553-b342472ebd2f/go.mod h1:eAf5aFrlFJXwHcNF7i3dabdAJrOOsTxybZ7eJFpPPxc=
github.com/cawidtu/wireguard-go/device v0.0.0-20230513174920-561731e1a454 h1:a4siodFsOeGsuFeLBqta2qcAEor50aIIMxzyB6i44Rs=
github.com/cawidtu/wireguard-go/device v0.0.0-20230513174920-561731e1a454/go.mod h1:eAf5aFrlFJXwHcNF7i3dabdAJrOOsTxybZ7eJFpPPxc=
github.com/cawidtu/wireguard-go/device v0.0.0-20230513175129-0cfaf609e6af h1:Uhdwwdb6NIYV86tCStqlzvQJDUMavAIaBLsz0wbRLnU=
github.com/cawidtu/wireguard-go/device v0.0.0-20230513175129-0cfaf609e6af/go.mod h1:eAf5aFrlFJXwHcNF7i3dabdAJrOOsTxybZ7eJFpPPxc=
github.com/cawidtu/wireguard-go/device v0.0.0-20230513182007-30cea2194678 h1:kHkN9+AFGOsQXSH1AI3iN+dr+OiFa/DcNc0LHUTpaJo=
github.com/cawidtu/wireguard-go/device v0.0.0-20230513182007-30cea2194678/go.mod h1:eAf5aFrlFJXwHcNF7i3dabdAJrOOsTxybZ7eJFpPPxc=
github.com/cawidtu/wireguard-go/device v0.0.0-20230513182209-1d435c444038 h1:363qE7sdQoYqijCL4j3gxR6nBGQMelQtbVs2R3mFuhM=
github.com/cawidtu/wireguard-go/device v0.0.0-20230513182209-1d435c444038/go.mod h1:eAf5aFrlFJXwHcNF7i3dabdAJrOOsTxybZ7eJFpPPxc=
github.com/cawidtu/wireguard-go/device v0.0.0-20230513182341-dd89b36214ab h1:rzkfFQrWUwHeFkMzcVwz88J3HkbtOFCLFhfxc5u8C90=
github.com/cawidtu/wireguard-go/device v0.0.0-20230513182341-dd89b36214ab/go.mod h1:eAf5aFrlFJXwHcNF7i3dabdAJrOOsTxybZ7eJFpPPxc=
github.com/cawidtu/wireguard-go/device v0.0.0-20230513183532-354d1591199d h1:h1kc/OJLMNg5MWQ8y9n6IsKrvumiOeVk371mcFz25+s=
github.com/cawidtu/wireguard-go/device v0.0.0-20230513183532-354d1591199d/go.mod h1:eAf5aFrlFJXwHcNF7i3dabdAJrOOsTxybZ7eJFpPPxc=
github.com/cawidtu/wireguard-go/device v0.0.0-20230513184022-f43086a2e8be h1:j/spfyWPzy/kiZNcDDv6k8ibTZK4fgfHchB/cZfQeFo=
github.com/cawidtu/wireguard-go/device v0.0.0-20230513184022-f43086a2e8be/go.mod h1:eAf5aFrlFJXwHcNF7i3dabdAJrOOsTxybZ7eJFpPPxc=
github.com/cawidtu/wireguard-go/device v0.0.0-20230513185848-ab7a25c31d30 h1:jFrU6tcb2S9jvIwmHRRXLt3/5yck2gWdBZxdUpuqqH0=
github.com/cawidtu/wireguard-go/device v0.0.0-20230513185848-ab7a25c31d30/go.mod h1:eAf5aFrlFJXwHcNF7i3dabdAJrOOsTxybZ7eJFpPPxc=
github.com/cawidtu/wireguard-go/device v0.0.0-20230513190233-9e7676d0682b h1:CZ7c85DJrEEWRF/nwaK4T+ZcotgWc3cJUhD6rZbPdSw=
github.com/cawidtu/wireguard-go/device v0.0.0-20230513190233-9e7676d0682b/go.mod h1:eAf5aFrlFJXwHcNF7i3dabdAJrOOsTxybZ7eJFpPPxc=
github.com/cawidtu/wireguard-go/device v0.0.0-20230513190842-2f0c81cf3569 h1:Sq3GlrhOe/krsDiQuPkbkArLB7w4DBtPbi+9dz/m3gI=
github.com/cawidtu/wireguard-go/device v0.0.0-20230513190842-2f0c81cf3569/go.mod h1:eAf5aFrlFJXwHcNF7i3dabdAJrOOsTxybZ7eJFpPPxc=
github.com/cawidtu/wireguard-go/device v0.0.0-20230514053439-6bb26af0a723 h1:5XXyxhJ6Kq0CjrI7Em6r+Xemrgt5BkfdAM9ijlawcE8=
github.com/cawidtu/wireguard-go/device v0.0.0-20230514053439-6bb26af0a723/go.mod h1:eAf5aFrlFJXwHcNF7i3dabdAJrOOsTxybZ7eJFpPPxc=
github.com/cawidtu/wireguard-go/device v0.0.0-20230514140025-c3d5004b81a3 h1:/eTAUjjoIEF+v4CWaiFrwIlOCQRdYJuMe4lvp86+1w0=
github.com/cawidtu/wireguard-go/device v0.0.0-20230514140025-c3d5004b81a3/go.mod h1:eAf5aFrlFJXwHcNF7i3dabdAJrOOsTxybZ7eJFpPPxc=
github.com/cawidtu/wireguard-go/device v0.0.0-20230514142440-94711dc04e72 h1:GiACdA5prptGIgmYkuN9jDctgAhGKCXZdebPXkf4cNA=
github.com/cawidtu/wireguard-go/device v0.0.0-20230514142440-94711dc04e72/go.mod h1:eAf5aFrlFJXwHcNF7i3dabdAJrOOsTxybZ7eJFpPPxc=
github.com/cawidtu/wireguard-go/device v0.0.0-20230514142749-e4057355bc72 h1:UrXJTL1ZuLaH2vI3cATHkZXbA779kMStQGkwU0Zw9ss=
github.com/cawidtu/wireguard-go/device v0.0.0-20230514142749-e4057355bc72/go.mod h1:eAf5aFrlFJXwHcNF7i3dabdAJrOOsTxybZ7eJFpPPxc=
github.com/cawidtu/wireguard-go/device v0.0.0-20230514143147-4024d719c349 h1:yq77EFN+KWyw7MgjpL3o3l6yjjIrsBmMf1M9W9hx5hM=
github.com/cawidtu/wireguard-go/device v0.0.0-20230514143147-4024d719c349/go.mod h1:eAf5aFrlFJXwHcNF7i3dabdAJrOOsTxybZ7eJFpPPxc=
github.com/cawidtu/wireguard-go/device v0.0.0-20230514145712-3a1a75e92332 h1:cPow+NU2LDA3scp458RULS+BJrNyRj1ylhs6FChSMxk=
github.com/cawidtu/wireguard-go/device v0.0.0-20230514145712-3a1a75e92332/go.mod h1:eAf5aFrlFJXwHcNF7i3dabdAJrOOsTxybZ7eJFpPPxc=
github.com/cawidtu/wireguard-go/device v0.0.0-20230514155438-afac60331620 h1:Om8rbsoT7bbXkiZrr/Qs11YIpqtqqp57NtzglYwFJ3Y=
github.com/cawidtu/wireguard-go/device v0.0.0-20230514155438-afac60331620/go.mod h1:eAf5aFrlFJXwHcNF7i3dabdAJrOOsTxybZ7eJFpPPxc=
github.com/cawidtu/wireguard-go/device v0.0.0-20230514155657-7655f961a863 h1:MshkkckX15e3+Oj0vZe62aQ/zyGUGdMvxMMzKB6Q6/U=
github.com/cawidtu/wireguard-go/device v0.0.0-20230514155657-7655f961a863/go.mod h1:eAf5aFrlFJXwHcNF7i3dabdAJrOOsTxybZ7eJFpPPxc=
github.com/cawidtu/wireguard-go/device v0.0.0-20230514190744-c0f18989b213 h1:9zcmrxOgPZU22dAfODbuI6Zxv15r1IDCnF6pQUO0DPg=
github.com/cawidtu/wireguard-go/device v0.0.0-20230514190744-c0f18989b213/go.mod h1:eAf5aFrlFJXwHcNF7i3dabdAJrOOsTxybZ7eJFpPPxc=
github.com/cawidtu/wireguard-go/device v0.0.0-20230514191452-bf7e502604cf h1:IrNC3ptnKNrULMfrjVCd6slfO04yy5K+RStvda3QKsg=
github.com/cawidtu/wireguard-go/device v0.0.0-20230514191452-bf7e502604cf/go.mod h1:eAf5aFrlFJXwHcNF7i3dabdAJrOOsTxybZ7eJFpPPxc=
github.com/cawidtu/wireguard-go/device v0.0.0-20230514191623-c6b6b882dd5b h1:FI/Yo/RY4R5AuCrYR/LWzNfRe+Ai9+TFHIJ9ITKVmrQ=
github.com/cawidtu/wireguard-go/device v0.0.0-20230514191623-c6b6b882dd5b/go.mod h1:eAf5aFrlFJXwHcNF7i3dabdAJrOOsTxybZ7eJFpPPxc=
github.com/cawidtu/wireguard-go/device v0.0.0-20230515184230-ee40f1e00c4d h1:/djMxYO4avxFl432KxEcK/A5tn+nZ+10F8CVVcTm+W8=
github.com/cawidtu/wireguard-go/device v0.0.0-20230515184230-ee40f1e00c4d/go.mod h1:eAf5aFrlFJXwHcNF7i3dabdAJrOOsTxybZ7eJFpPPxc=
github.com/cawidtu/wireguard-go/device v0.0.0-20230515184504-240f73dbd3d3 h1:BgRUdGm86pvFcBYlTWMzijIOxkpuosg+lngUDo6yEtE=
github.com/cawidtu/wireguard-go/device v0.0.0-20230515184504-240f73dbd3d3/go.mod h1:eAf5aFrlFJXwHcNF7i3dabdAJrOOsTxybZ7eJFpPPxc=
github.com/cawidtu/wireguard-go/device v0.0.0-20230516054523-b6e30df11e00 h1:4Uj/ikCxE/9oJQI23HqwLi9nUD6KbQoeIwuGJ3YAlzE=
github.com/cawidtu/wireguard-go/device v0.0.0-20230516054523-b6e30df11e00/go.mod h1:eAf5aFrlFJXwHcNF7i3dabdAJrOOsTxybZ7eJFpPPxc=
github.com/cawidtu/wireguard-go/device v0.0.0-20230516080417-3ef33fcd5cfd h1:u0pok6izVYweBeN6zydHKNWCZ/sjz5IuyYNQb9L8iS0=
github.com/cawidtu/wireguard-go/device v0.0.0-20230516080417-3ef33fcd5cfd/go.mod h1:eAf5aFrlFJXwHcNF7i3dabdAJrOOsTxybZ7eJFpPPxc=
github.com/cawidtu/wireguard-go/device v0.0.0-20230516081014-03586aff4397 h1:64QBBiFIcNkFXNz0EU3X4SybMpxN9tylHICgtkDMVcs=
github.com/cawidtu/wireguard-go/device v0.0.0-20230516081014-03586aff4397/go.mod h1:eAf5aFrlFJXwHcNF7i3dabdAJrOOsTxybZ7eJFpPPxc=
github.com/cawidtu/wireguard-go/device v0.0.0-20230516132512-6510c0e3c753 h1:ycij3M55WUfrRWXfMF3OqGrWsKKZRPRusfKcHotgVLY=
github.com/cawidtu/wireguard-go/device v0.0.0-20230516132512-6510c0e3c753/go.mod h1:eAf5aFrlFJXwHcNF7i3dabdAJrOOsTxybZ7eJFpPPxc=
github.com/cawidtu/wireguard-go/device v0.0.0-20230517060209-e64c2d5056df h1:Cz/eKIdZfu+mg6a8AGcYnV+HAVsMPyg8KZIySNc8FJs=
github.com/cawidtu/wireguard-go/device v0.0.0-20230517060209-e64c2d5056df/go.mod h1:eAf5aFrlFJXwHcNF7i3dabdAJrOOsTxybZ7eJFpPPxc=
github.com/cawidtu/wireguard-go/device v0.0.0-20230517061216-5a8185e42237 h1:uP+VpowbjdCXDXDlest1QrfKm92UygNQCiC3H2sKBvI=
github.com/cawidtu/wireguard-go/device v0.0.0-20230517061216-5a8185e42237/go.mod h1:eAf5aFrlFJXwHcNF7i3dabdAJrOOsTxybZ7eJFpPPxc=
github.com/cawidtu/wireguard-go/device v0.0.0-20230517103722-0d042d3ab3a7 h1:/5RcWWfyP+MDS1zf1sjXgz+nfuQKfElnoNcWw1J7wIM=
github.com/cawidtu/wireguard-go/device v0.0.0-20230517103722-0d042d3ab3a7/go.mod h1:eAf5aFrlFJXwHcNF7i3dabdAJrOOsTxybZ7eJFpPPxc=
github.com/cawidtu/wireguard-go/device v0.0.0-20230519062736-f8bc36212636 h1:HMmTI6q0ervXWo/h29HfVEHcPJZT9dUFn2YmXDD0ZIs=
github.com/cawidtu/wireguard-go/device v0.0.0-20230519062736-f8bc36212636/go.mod h1:eAf5aFrlFJXwHcNF7i3dabdAJrOOsTxybZ7eJFpPPxc=
github.com/cawidtu/wireguard-go/device v0.0.0-20230520055828-e52b3b268e5e h1:F59kysmAaFbiPBOBRLPJeeHHrbtxwsGcy8O/oofjRw4=
github.com/cawidtu/wireguard-go/device v0.0.0-20230520055828-e52b3b268e5e/go.mod h1:eAf5aFrlFJXwHcNF7i3dabdAJrOOsTxybZ7eJFpPPxc=
github.com/cawidtu/wireguard-go/device v0.0.0-20230520060402-b2a7a6be7b51 h1:r/HxXq/3Z3SjPqhHkFqzB8Ewi2yDhiAlv45oztEi0qA=
github.com/cawidtu/wireguard-go/device v0.0.0-20230520060402-b2a7a6be7b51/go.mod h1:eAf5aFrlFJXwHcNF7i3dabdAJrOOsTxybZ7eJFpPPxc=
github.com/cawidtu/wireguard-go/device v0.0.0-20230521043708-e9b3426fc60c h1:Pcw4bHUA02GM0GJt7mrEWkIWJebAszpnADPrMblwszY=
github.com/cawidtu/wireguard-go/device v0.0.0-20230521043708-e9b3426fc60c/go.mod h1:eAf5aFrlFJXwHcNF7i3dabdAJrOOsTxybZ7eJFpPPxc=
github.com/cawidtu/wireguard-go/ipc v0.0.0-20230329131401-70bfb9c367ca h1:rs3Lu8chgbMHOXEXkd9tQSF2mWoZacD65z9q47zyxBc=
github.com/cawidtu/wireguard-go/ipc v0.0.0-20230329131401-70bfb9c367ca/go.mod h1:pPbtRKLv84472SCeXNNsWodUVYajDdYOL/P/WemnVOc=
github.com/cawidtu/wireguard-go/ipc v0.0.0-20230428084255-be9dc2e6bd6e h1:9z4g50lc09GBEO8ZZclxsRkAAHqsNGJW+4WFQA8sfPI=
github.com/cawidtu/wireguard-go/ipc v0.0.0-20230428084255-be9dc2e6bd6e/go.mod h1:pPbtRKLv84472SCeXNNsWodUVYajDdYOL/P/WemnVOc=
github.com/cawidtu/wireguard-go/ratelimiter v0.0.0-20230329131401-70bfb9c367ca h1:9oG0wLOTnbhfdNRc3GQdgFfENd6M8Ct2rkZD3/pCkbs=
github.com/cawidtu/wireguard-go/ratelimiter v0.0.0-20230329131401-70bfb9c367ca/go.mod h1:4E9X71MPIRhFyMRje80xvQNDC4ZIOiT7s8Aw+ivxyRc=
github.com/cawidtu/wireguard-go/ratelimiter v0.0.0-20230428084255-be9dc2e6bd6e h1:XYvlT8VUGTJE+my1hHvxCb2fe9IZ9oDmvpks/gYoEAU=
github.com/cawidtu/wireguard-go/ratelimiter v0.0.0-20230428084255-be9dc2e6bd6e/go.mod h1:4E9X71MPIRhFyMRje80xvQNDC4ZIOiT7s8Aw+ivxyRc=
github.com/cawidtu/wireguard-go/replay v0.0.0-20230329131401-70bfb9c367ca h1:05fD7LbyQY7FWNP3268F79qmJpnrAsGFRXKVfQkSp4o=
github.com/cawidtu/wireguard-go/replay v0.0.0-20230329131401-70bfb9c367ca/go.mod h1:t1tcV/3SAys+bSDrJFMglaAn0tjsLimue3bYtkN/g6A=
github.com/cawidtu/wireguard-go/replay v0.0.0-20230428084255-be9dc2e6bd6e h1:AfQivBD7Tyf7RH/y6Rt2dQCUEx7mHGpzsNsxVnGOZd4=
github.com/cawidtu/wireguard-go/replay v0.0.0-20230428084255-be9dc2e6bd6e/go.mod h1:t1tcV/3SAys+bSDrJFMglaAn0tjsLimue3bYtkN/g6A=
github.com/cawidtu/wireguard-go/rwcancel v0.0.0-20230329131401-70bfb9c367ca h1:yPxFXPe5F/of5U3oCkVv5r3uknlfkFfxEkOwrbksFe4=
github.com/cawidtu/wireguard-go/rwcancel v0.0.0-20230329131401-70bfb9c367ca/go.mod h1:9F34/L3P9/xE0LGegsqVWoHodOtlpFNDHGxm1e1urPM=
github.com/cawidtu/wireguard-go/rwcancel v0.0.0-20230428084255-be9dc2e6bd6e h1:RTcuUImkwjdm1o3+6uyHhIklmDj/v1oe+uJ/IBfmFCc=
github.com/cawidtu/wireguard-go/rwcancel v0.0.0-20230428084255-be9dc2e6bd6e/go.mod h1:9F34/L3P9/xE0LGegsqVWoHodOtlpFNDHGxm1e1urPM=
github.com/cawidtu/wireguard-go/tai64n v0.0.0-20230329131401-70bfb9c367ca h1:6XXOTSTOVEMBaxQD4DmagLfKxyKbC8JFYSFpYepsdUg=
github.com/cawidtu/wireguard-go/tai64n v0.0.0-20230329131401-70bfb9c367ca/go.mod h1:YT1cRjJOwCzSkp2J+W20As2nYpJwuxJqn85ouOo/ykk=
github.com/cawidtu/wireguard-go/tai64n v0.0.0-20230428084255-be9dc2e6bd6e h1:MMepMdRSFANe8N9TwiL2zdO52klb33J67VoONZCme+Y=
github.com/cawidtu/wireguard-go/tai64n v0.0.0-20230428084255-be9dc2e6bd6e/go.mod h1:YT1cRjJOwCzSkp2J+W20As2nYpJwuxJqn85ouOo/ykk=
github.com/cawidtu/wireguard-go/tun v0.0.0-20230329131401-70bfb9c367ca h1:2a5RFR/oZBvvIFOEnLu3d3Mt3uPaA/J0WUI4cSQhtaY=
github.com/cawidtu/wireguard-go/tun v0.0.0-20230329131401-70bfb9c367ca/go.mod h1:0SCn6Md6VPlPRTe+5eC3sFZvuNWM/WkLloe72H38E08=
github.com/cawidtu/wireguard-go/tun v0.0.0-20230428084255-be9dc2e6bd6e h1:hQKHyD3/f2FuP1EQo3U29g/mj9tHL8xq3TvB7hLBg+M=
github.com/cawidtu/wireguard-go/tun v0.0.0-20230428084255-be9dc2e6bd6e/go.mod h1:0SCn6Md6VPlPRTe+5eC3sFZvuNWM/WkLloe72H38E08=
golang.org/x/crypto v0.0.0-20220315160706-3147a52a75dd h1:XcWmESyNjXJMLahc3mqVQJcgSTDxFxhETVlfk9uGc38=
golang.org/x/crypto v0.0.0-20220315160706-3147a52a75dd/go.mod h1:IxCIyHEi3zRg3s0A5j5BB6A9Jmi73HwBIUl50j+osU4=
golang.org/x/crypto v0.8.0 h1:pd9TJtTueMTVQXzk8E2XESSMQDj/U7OUu0PqJqPXQjQ=
golang.org/x/crypto v0.8.0/go.mod h1:mRqEX+O9/h5TFCrQhkgjo2yKi0yYA+9ecGkdQoHrywE=
golang.org/x/net v0.0.0-20220225172249-27dd8689420f h1:oA4XRj0qtSt8Yo1Zms0CUlsT3KG69V2UGQWPBxujDmc=
golang.org/x/net v0.0.0-20220225172249-27dd8689420f/go.mod h1:CfG3xpIq0wQ8r1q4Su4UZFWDARRcnwPjda9FqA0JpMk=
golang.org/x/net v0.9.0 h1:aWJ/m6xSmxWBx+V0XRHTlrYrPG56jKsLdTFmsSsCzOM=
golang.org/x/net v0.9.0/go.mod h1:d48xBJpPfHeWQsugry2m+kC02ZBRGRgulfHnEXEuWns=
golang.org/x/sys v0.0.0-20220315194320-039c03cc5b86 h1:A9i04dxx7Cribqbs8jf3FQLogkL/CV2YN7hj9KWJCkc=
golang.org/x/sys v0.0.0-20220315194320-039c03cc5b86/go.mod h1:oPkhp1MJrh7nUepCBck5+mAzfO9JrbApNNgaTdGDITg=
golang.org/x/sys v0.7.0 h1:3jlCCIQZPdOYu1h8BkNvLz8Kgwtae2cagcG/VamtZRU=
golang.org/x/sys v0.7.0/go.mod h1:oPkhp1MJrh7nUepCBck5+mAzfO9JrbApNNgaTdGDITg=
golang.zx2c4.com/wintun v0.0.0-20211104114900-415007cec224 h1:Ug9qvr1myri/zFN6xL17LSCBGFDnphBBhzmILHsM5TY=
golang.zx2c4.com/wintun v0.0.0-20211104114900-415007cec224/go.mod h1:deeaetjYA+DHMHg+sMSMI58GrEteJUUzzw7en6TJQcI=
